
Microsoft Visual Studio Solution File, Format Version 12.00
# Visual Studio 14
VisualStudioVersion = 14.0.25420.1
MinimumVisualStudioVersion = 10.0.40219.1
Project("{FAE04EC0-301F-11D3-BF4B-00C04F79EFBC}") = "Execises_triangle_program", "Execises_triangle_program\Execises_triangle_program.csproj", "{4D525B40-A669-4172-880E-826CFAE045D5}"
EndProject
Global
	GlobalSection(SolutionConfigurationPlatforms) = preSolution
		Debug|Any CPU = Debug|Any CPU
		Release|Any CPU = Release|Any CPU
	EndGlobalSection
	GlobalSection(ProjectConfigurationPlatforms) = postSolution
		{4D525B40-A669-4172-880E-826CFAE045D5}.Debug|Any CPU.ActiveCfg = Debug|Any CPU
		{4D525B40-A669-4172-880E-826CFAE045D5}.Debug|Any CPU.Build.0 = Debug|Any CPU
		{4D525B40-A669-4172-880E-826CFAE045D5}.Release|Any CPU.ActiveCfg = Release|Any CPU
		{4D525B40-A669-4172-880E-826CFAE045D5}.Release|Any CPU.Build.0 = Release|Any CPU
	EndGlobalSection
	GlobalSection(SolutionProperties) = preSolution
		HideSolutionNode = FALSE
	EndGlobalSection
EndGlobal
